
Microsoft Visual Studio Solution File, Format Version 12.00
# Visual Studio Version 16
VisualStudioVersion = 16.0.28729.10
MinimumVisualStudioVersion = 10.0.40219.1
Project("{FAE04EC0-301F-11D3-BF4B-00C04F79EFBC}") = "WebServicesDemo", "WebServicesDemo\WebServicesDemo.csproj", "{8A0E7608-0B28-420B-AB15-7C6B4879E47C}"
EndProject
Project("{FAE04EC0-301F-11D3-BF4B-00C04F79EFBC}") = "HelloWebClient", "HelloWebClient\HelloWebClient.csproj", "{36999E94-2277-41C6-98DC-AEAA0F41F5EB}"
	ProjectSection(ProjectDependencies) = postProject
		{8A0E7608-0B28-420B-AB15-7C6B4879E47C} = {8A0E7608-0B28-420B-AB15-7C6B4879E47C}
	EndProjectSection
EndProject
Global
	GlobalSection(SolutionConfigurationPlatforms) = preSolution
		Debug|Any CPU = Debug|Any CPU
		Release|Any CPU = Release|Any CPU
	EndGlobalSection
	GlobalSection(ProjectConfigurationPlatforms) = postSolution
		{8A0E7608-0B28-420B-AB15-7C6B4879E47C}.Debug|Any CPU.ActiveCfg = Debug|Any CPU
		{8A0E7608-0B28-420B-AB15-7C6B4879E47C}.Debug|Any CPU.Build.0 = Debug|Any CPU
		{8A0E7608-0B28-420B-AB15-7C6B4879E47C}.Release|Any CPU.ActiveCfg = Release|Any CPU
		{8A0E7608-0B28-420B-AB15-7C6B4879E47C}.Release|Any CPU.Build.0 = Release|Any CPU
		{36999E94-2277-41C6-98DC-AEAA0F41F5EB}.Debug|Any CPU.ActiveCfg = Debug|Any CPU
		{36999E94-2277-41C6-98DC-AEAA0F41F5EB}.Debug|Any CPU.Build.0 = Debug|Any CPU
		{36999E94-2277-41C6-98DC-AEAA0F41F5EB}.Release|Any CPU.ActiveCfg = Release|Any CPU
		{36999E94-2277-41C6-98DC-AEAA0F41F5EB}.Release|Any CPU.Build.0 = Release|Any CPU
	EndGlobalSection
	GlobalSection(SolutionProperties) = preSolution
		HideSolutionNode = FALSE
	EndGlobalSection
	GlobalSection(ExtensibilityGlobals) = postSolution
		SolutionGuid = {F8AF8639-27E2-47CA-A06C-E480D2D071A9}
	EndGlobalSection
EndGlobal
